
Microsoft Visual Studio Solution File, Format Version 12.00
# Visual Studio Version 16
VisualStudioVersion = 16.0.28803.452
MinimumVisualStudioVersion = 10.0.40219.1
Project("{FAE04EC0-301F-11D3-BF4B-00C04F79EFBC}") = "Klassen", "Klassen\Klassen.csproj", "{136B8B87-11ED-43BD-95A6-ABD77CF411EB}"
EndProject
Global
	GlobalSection(SolutionConfigurationPlatforms) = preSolution
		Debug|Any CPU = Debug|Any CPU
		Release|Any CPU = Release|Any CPU
	EndGlobalSection
	GlobalSection(ProjectConfigurationPlatforms) = postSolution
		{136B8B87-11ED-43BD-95A6-ABD77CF411EB}.Debug|Any CPU.ActiveCfg = Debug|Any CPU
		{136B8B87-11ED-43BD-95A6-ABD77CF411EB}.Debug|Any CPU.Build.0 = Debug|Any CPU
		{136B8B87-11ED-43BD-95A6-ABD77CF411EB}.Release|Any CPU.ActiveCfg = Release|Any CPU
		{136B8B87-11ED-43BD-95A6-ABD77CF411EB}.Release|Any CPU.Build.0 = Release|Any CPU
	EndGlobalSection
	GlobalSection(SolutionProperties) = preSolution
		HideSolutionNode = FALSE
	EndGlobalSection
	GlobalSection(ExtensibilityGlobals) = postSolution
		SolutionGuid = {BE350139-1B0E-450D-8C99-449348D33C63}
	EndGlobalSection
EndGlobal
